
Microsoft Visual Studio Solution File, Format Version 12.00
# Visual Studio 15
VisualStudioVersion = 15.0.27130.2036
MinimumVisualStudioVersion = 10.0.40219.1
Project("{9A19103F-16F7-4668-BE54-9A1E7A4F7556}") = "YouLearn.Domain", "YouLearn.Domain\YouLearn.Domain.csproj", "{CDEA2F77-811C-41FF-80DE-31256289F3E2}"
EndProject
Project("{FAE04EC0-301F-11D3-BF4B-00C04F79EFBC}") = "YouLearn.ConsoleApp", "YouLearn.ConsoleApp\YouLearn.ConsoleApp.csproj", "{C9EF6438-716C-4C99-BA06-A2625C38FE61}"
EndProject
Global
	GlobalSection(SolutionConfigurationPlatforms) = preSolution
		Debug|Any CPU = Debug|Any CPU
		Release|Any CPU = Release|Any CPU
	EndGlobalSection
	GlobalSection(ProjectConfigurationPlatforms) = postSolution
		{CDEA2F77-811C-41FF-80DE-31256289F3E2}.Debug|Any CPU.ActiveCfg = Debug|Any CPU
		{CDEA2F77-811C-41FF-80DE-31256289F3E2}.Debug|Any CPU.Build.0 = Debug|Any CPU
		{CDEA2F77-811C-41FF-80DE-31256289F3E2}.Release|Any CPU.ActiveCfg = Release|Any CPU
		{CDEA2F77-811C-41FF-80DE-31256289F3E2}.Release|Any CPU.Build.0 = Release|Any CPU
		{C9EF6438-716C-4C99-BA06-A2625C38FE61}.Debug|Any CPU.ActiveCfg = Debug|Any CPU
		{C9EF6438-716C-4C99-BA06-A2625C38FE61}.Debug|Any CPU.Build.0 = Debug|Any CPU
		{C9EF6438-716C-4C99-BA06-A2625C38FE61}.Release|Any CPU.ActiveCfg = Release|Any CPU
		{C9EF6438-716C-4C99-BA06-A2625C38FE61}.Release|Any CPU.Build.0 = Release|Any CPU
	EndGlobalSection
	GlobalSection(SolutionProperties) = preSolution
		HideSolutionNode = FALSE
	EndGlobalSection
	GlobalSection(ExtensibilityGlobals) = postSolution
		SolutionGuid = {6BE1E7C0-9C3C-41DD-AEFD-CD0861A8EA75}
	EndGlobalSection
EndGlobal
